lockfileVersion: '6.0'

settings:
  autoInstallPeers: true
  excludeLinksFromLockfile: false

dependencies:
  nan:
    specifier: ^2.19.0
    version: 2.19.0

devDependencies:
  tree-sitter-cli:
    specifier: ^0.22.6
    version: 0.22.6

packages:
  /nan@2.19.0:
    resolution:
      {
        integrity: sha512-nO1xXxfh/RWNxfd/XPfbIfFk5vgLsAxUR9y5O0cHMJu/AW9U95JLXqthYHjEp+8gQ5p96K9jUp8nbVOxCdRbtw==,
      }
    dev: false

  /tree-sitter-cli@0.22.6:
    resolution:
      {
        integrity: sha512-s7mYOJXi8sIFkt/nLJSqlYZP96VmKTc3BAwIX0rrrlRxWjWuCwixFqwzxWZBQz4R8Hx01iP7z3cT3ih58BUmZQ==,
      }
    hasBin: true
    requiresBuild: true
    dev: true
